
Microsoft Visual Studio Solution File, Format Version 12.00
# Visual Studio Version 16
VisualStudioVersion = 16.0.29709.97
MinimumVisualStudioVersion = 10.0.40219.1
Project("{9A19103F-16F7-4668-BE54-9A1E7A4F7556}") = "zTest", "zTest\zTest.csproj", "{2B20472B-B33C-4A2D-B83B-F1CACE6C935D}"
EndProject
Project("{FAE04EC0-301F-11D3-BF4B-00C04F79EFBC}") = "yTest", "yTest\yTest.csproj", "{7300E890-A88A-44DA-AD6C-1D1A7C5E9C4D}"
EndProject
Global
	GlobalSection(SolutionConfigurationPlatforms) = preSolution
		Debug|Any CPU = Debug|Any CPU
		Release|Any CPU = Release|Any CPU
	EndGlobalSection
	GlobalSection(ProjectConfigurationPlatforms) = postSolution
		{2B20472B-B33C-4A2D-B83B-F1CACE6C935D}.Debug|Any CPU.ActiveCfg = Debug|Any CPU
		{2B20472B-B33C-4A2D-B83B-F1CACE6C935D}.Debug|Any CPU.Build.0 = Debug|Any CPU
		{2B20472B-B33C-4A2D-B83B-F1CACE6C935D}.Release|Any CPU.ActiveCfg = Release|Any CPU
		{2B20472B-B33C-4A2D-B83B-F1CACE6C935D}.Release|Any CPU.Build.0 = Release|Any CPU
		{7300E890-A88A-44DA-AD6C-1D1A7C5E9C4D}.Debug|Any CPU.ActiveCfg = Debug|Any CPU
		{7300E890-A88A-44DA-AD6C-1D1A7C5E9C4D}.Debug|Any CPU.Build.0 = Debug|Any CPU
		{7300E890-A88A-44DA-AD6C-1D1A7C5E9C4D}.Release|Any CPU.ActiveCfg = Release|Any CPU
		{7300E890-A88A-44DA-AD6C-1D1A7C5E9C4D}.Release|Any CPU.Build.0 = Release|Any CPU
	EndGlobalSection
	GlobalSection(SolutionProperties) = preSolution
		HideSolutionNode = FALSE
	EndGlobalSection
	GlobalSection(ExtensibilityGlobals) = postSolution
		SolutionGuid = {6D3C538D-6117-4BC6-867A-AD71BE050B88}
	EndGlobalSection
EndGlobal
